{
  "name": "src",
  "lockfileVersion": 3,
  "requires": true,
  "packages": {
    "": {
      "dependencies": {
        "my-project": "file:.."
      }
    },
    "..": {
      "name": "my-project",
      "version": "0.0.0",
      "dependencies": {
        "@splinetool/react-spline": "^4.1.0",
        "@tailwindcss/vite": "^4.1.14",
        "framer-motion": "^12.23.24",
        "gsap": "^3.13.0",
        "react": "^19.1.1",
        "react-dom": "^19.1.1",
        "react-icons": "^5.5.0",
        "react-router-dom": "^7.9.4",
        "tailwindcss": "^4.1.14"
      },
      "devDependencies": {
        "@eslint/js": "^9.36.0",
        "@types/react": "^19.1.16",
        "@types/react-dom": "^19.1.9",
        "@vitejs/plugin-react": "^5.0.4",
        "concurrently": "^9.2.1",
        "eslint": "^9.36.0",
        "eslint-plugin-react-hooks": "^5.2.0",
        "eslint-plugin-react-refresh": "^0.4.22",
        "globals": "^16.4.0",
        "vite": "^7.1.7"
      }
    },
    "node_modules/my-project": {
      "resolved": "..",
      "link": true
    }
  }
}
